{
  "name": "librar.io",
  "lockfileVersion": 3,
  "requires": true,
  "packages": {
    "": {
      "name": "librar.io",
      "devDependencies": {
        "@types/jsmediatags": "^3.9.3",
        "new-javascript": "^0.1.10"
      }
    },
    "node_modules/@types/jsmediatags": {
      "version": "3.9.3",
      "resolved": "https://registry.npmjs.org/@types/jsmediatags/-/jsmediatags-3.9.3.tgz",
      "integrity": "sha512-oNEPG+SI5E/VWK0x9JTWwkU+LmmOgW4tisCE4IrxiyNfzIRyg9kspNjaoqknpN9HUIexDvbD2/wbViw6TGIFgw==",
      "dev": true
    },
    "node_modules/new-javascript": {
      "version": "0.1.10",
      "resolved": "https://registry.npmjs.org/new-javascript/-/new-javascript-0.1.10.tgz",
      "integrity": "sha512-Ze5QseGJfDUrNiD93g+lUrzciqw68Pjv/FUe3gHCb+1kGU6NzRExz/1+ecayTRV7QCR4Gt/PAbRQjYu1Ekm+CQ==",
      "dev": true
    }
  }
}