{
  "name": "librar.io",
  "lockfileVersion": 3,
  "requires": true,
  "packages": {
    "": {
      "name": "librar.io",
      "devDependencies": {
        "@types/jsmediatags": "^3.9.3",
        "new-javascript": "^0.1.12"
      }
    },
    "node_modules/@types/jsmediatags": {
      "version": "3.9.3",
      "resolved": "https://registry.npmjs.org/@types/jsmediatags/-/jsmediatags-3.9.3.tgz",
      "integrity": "sha512-oNEPG+SI5E/VWK0x9JTWwkU+LmmOgW4tisCE4IrxiyNfzIRyg9kspNjaoqknpN9HUIexDvbD2/wbViw6TGIFgw==",
      "dev": true
    },
    "node_modules/new-javascript": {
      "version": "0.1.12",
      "resolved": "https://registry.npmjs.org/new-javascript/-/new-javascript-0.1.12.tgz",
      "integrity": "sha512-DVESDX5+zRa93K8mS41sjPQmp6U0T0IlP9l8o9tyNoSUpvKz/7mNYULUAhSyWamVA5z4lygNg6Pscg7+Y+ZL2w==",
      "dev": true
    }
  }
}