{
  "name": "librar.io",
  "lockfileVersion": 3,
  "requires": true,
  "packages": {
    "": {
      "name": "librar.io",
      "devDependencies": {
        "@types/jsmediatags": "^3.9.3",
        "new-javascript": "^0.1.9"
      }
    },
    "node_modules/@types/jsmediatags": {
      "version": "3.9.3",
      "resolved": "https://registry.npmjs.org/@types/jsmediatags/-/jsmediatags-3.9.3.tgz",
      "integrity": "sha512-oNEPG+SI5E/VWK0x9JTWwkU+LmmOgW4tisCE4IrxiyNfzIRyg9kspNjaoqknpN9HUIexDvbD2/wbViw6TGIFgw==",
      "dev": true
    },
    "node_modules/new-javascript": {
      "version": "0.1.9",
      "resolved": "https://registry.npmjs.org/new-javascript/-/new-javascript-0.1.9.tgz",
      "integrity": "sha512-AMsVQPHf24iqX39IR5bKv/95KPA24a/LSiKyLCxlQ0oohWhXC15fd8Ui4F7uyvM6vKenIjzqyHlBKsu8+bUTwg==",
      "dev": true
    }
  }
}